# This file is automatically @generated by Cargo.
# It is not intended for manual editing.
version = 3

[[package]]
name = "cargo-release-pr-test-one"
version = "0.1.0"

[[package]]
name = "cargo-release-pr-test-two"
version = "2.3.4"
dependencies = [
 "cargo-release-pr-test-one",
]

[[package]]
name = "root-package"
version = "0.0.1"
